
Microsoft Visual Studio Solution File, Format Version 12.00
# Visual Studio Version 17
VisualStudioVersion = 17.1.32210.238
MinimumVisualStudioVersion = 10.0.40219.1
Project("{FAE04EC0-301F-11D3-BF4B-00C04F79EFBC}") = "stack", "stack.csproj", "{6104605F-1D91-4282-94AB-D821D4136D7C}"
EndProject
Global
	GlobalSection(SolutionConfigurationPlatforms) = preSolution
		Debug|Any CPU = Debug|Any CPU
		Release|Any CPU = Release|Any CPU
	EndGlobalSection
	GlobalSection(ProjectConfigurationPlatforms) = postSolution
		{6104605F-1D91-4282-94AB-D821D4136D7C}.Debug|Any CPU.ActiveCfg = Debug|Any CPU
		{6104605F-1D91-4282-94AB-D821D4136D7C}.Debug|Any CPU.Build.0 = Debug|Any CPU
		{6104605F-1D91-4282-94AB-D821D4136D7C}.Release|Any CPU.ActiveCfg = Release|Any CPU
		{6104605F-1D91-4282-94AB-D821D4136D7C}.Release|Any CPU.Build.0 = Release|Any CPU
	EndGlobalSection
	GlobalSection(SolutionProperties) = preSolution
		HideSolutionNode = FALSE
	EndGlobalSection
	GlobalSection(ExtensibilityGlobals) = postSolution
		SolutionGuid = {951CEEA2-B1D8-4CB5-AC6D-A0956C4A3BD0}
	EndGlobalSection
EndGlobal
